
Microsoft Visual Studio Solution File, Format Version 12.00
# Visual Studio Version 16
VisualStudioVersion = 16.0.31624.102
MinimumVisualStudioVersion = 10.0.40219.1
Project("{FAE04EC0-301F-11D3-BF4B-00C04F79EFBC}") = "CarSales", "CarSales.csproj", "{4B97E535-9F6C-4356-ACBB-84A64C009FA5}"
EndProject
Project("{FAE04EC0-301F-11D3-BF4B-00C04F79EFBC}") = "DomainLayer", "..\DomainLayer\DomainLayer.csproj", "{B18258B1-E32D-4F66-9BCD-1A7FAB707056}"
EndProject
Project("{FAE04EC0-301F-11D3-BF4B-00C04F79EFBC}") = "RepositoryLayer", "..\RepositoryLayer\RepositoryLayer.csproj", "{772E6294-494B-4428-B13F-8F99D6DD99E1}"
EndProject
Project("{FAE04EC0-301F-11D3-BF4B-00C04F79EFBC}") = "ServicesLayer", "..\ServicesLayer\ServicesLayer.csproj", "{29A61270-A92E-45F9-974F-D8BE31B1025A}"
EndProject
Global
	GlobalSection(SolutionConfigurationPlatforms) = preSolution
		Debug|Any CPU = Debug|Any CPU
		Release|Any CPU = Release|Any CPU
	EndGlobalSection
	GlobalSection(ProjectConfigurationPlatforms) = postSolution
		{4B97E535-9F6C-4356-ACBB-84A64C009FA5}.Debug|Any CPU.ActiveCfg = Debug|Any CPU
		{4B97E535-9F6C-4356-ACBB-84A64C009FA5}.Debug|Any CPU.Build.0 = Debug|Any CPU
		{4B97E535-9F6C-4356-ACBB-84A64C009FA5}.Release|Any CPU.ActiveCfg = Release|Any CPU
		{4B97E535-9F6C-4356-ACBB-84A64C009FA5}.Release|Any CPU.Build.0 = Release|Any CPU
		{B18258B1-E32D-4F66-9BCD-1A7FAB707056}.Debug|Any CPU.ActiveCfg = Debug|Any CPU
		{B18258B1-E32D-4F66-9BCD-1A7FAB707056}.Debug|Any CPU.Build.0 = Debug|Any CPU
		{B18258B1-E32D-4F66-9BCD-1A7FAB707056}.Release|Any CPU.ActiveCfg = Release|Any CPU
		{B18258B1-E32D-4F66-9BCD-1A7FAB707056}.Release|Any CPU.Build.0 = Release|Any CPU
		{772E6294-494B-4428-B13F-8F99D6DD99E1}.Debug|Any CPU.ActiveCfg = Debug|Any CPU
		{772E6294-494B-4428-B13F-8F99D6DD99E1}.Debug|Any CPU.Build.0 = Debug|Any CPU
		{772E6294-494B-4428-B13F-8F99D6DD99E1}.Release|Any CPU.ActiveCfg = Release|Any CPU
		{772E6294-494B-4428-B13F-8F99D6DD99E1}.Release|Any CPU.Build.0 = Release|Any CPU
		{29A61270-A92E-45F9-974F-D8BE31B1025A}.Debug|Any CPU.ActiveCfg = Debug|Any CPU
		{29A61270-A92E-45F9-974F-D8BE31B1025A}.Debug|Any CPU.Build.0 = Debug|Any CPU
		{29A61270-A92E-45F9-974F-D8BE31B1025A}.Release|Any CPU.ActiveCfg = Release|Any CPU
		{29A61270-A92E-45F9-974F-D8BE31B1025A}.Release|Any CPU.Build.0 = Release|Any CPU
	EndGlobalSection
	GlobalSection(SolutionProperties) = preSolution
		HideSolutionNode = FALSE
	EndGlobalSection
	GlobalSection(ExtensibilityGlobals) = postSolution
		SolutionGuid = {F49BAE83-DED9-467A-848A-DBE449C61C88}
	EndGlobalSection
EndGlobal
